
Microsoft Visual Studio Solution File, Format Version 12.00
# Visual Studio Version 16
VisualStudioVersion = 16.0.29806.167
MinimumVisualStudioVersion = 10.0.40219.1
Project("{9A19103F-16F7-4668-BE54-9A1E7A4F7556}") = "TelerikCore_2", "TelerikCore_2\TelerikCore_2.csproj", "{3CEA2139-A1B9-48BC-8EEA-DE4727BB079E}"
EndProject
Project("{2150E333-8FDC-42A3-9474-1A3956D46DE8}") = "Solution Items", "Solution Items", "{07D0BE81-79B1-433B-B34B-665B5E13AF66}"
	ProjectSection(SolutionItems) = preProject
		global.json = global.json
	EndProjectSection
EndProject
Project("{9A19103F-16F7-4668-BE54-9A1E7A4F7556}") = "WebAPI_2", "WebAPI_2\WebAPI_2.csproj", "{5DD872AC-73A4-4C12-ADCE-5E66805D9EAE}"
EndProject
Project("{9A19103F-16F7-4668-BE54-9A1E7A4F7556}") = "Modelos", "Modelos\Modelos.csproj", "{8F9F1A50-847B-4D3A-A0A5-7087C6FDF886}"
EndProject
Project("{9A19103F-16F7-4668-BE54-9A1E7A4F7556}") = "Services", "Services\Services.csproj", "{F7A3150B-069C-4372-A155-0666FF5585E2}"
EndProject
Project("{2150E333-8FDC-42A3-9474-1A3956D46DE8}") = "1 - Presentation", "1 - Presentation", "{8C3D9570-BA52-41B9-8A61-9496C484D9F9}"
EndProject
Project("{2150E333-8FDC-42A3-9474-1A3956D46DE8}") = "2 - Services", "2 - Services", "{3F50E384-9DF9-4393-9338-8E4B87168F8E}"
EndProject
Project("{2150E333-8FDC-42A3-9474-1A3956D46DE8}") = "3 - Application", "3 - Application", "{AC76D919-3A9D-49F6-B24A-1F3FE7D7C7AD}"
EndProject
Project("{2150E333-8FDC-42A3-9474-1A3956D46DE8}") = "4 - Domain", "4 - Domain", "{13AC7D42-3A1E-4536-81BC-8018AD2B3B8C}"
EndProject
Project("{2150E333-8FDC-42A3-9474-1A3956D46DE8}") = "5 - Infraestructure", "5 - Infraestructure", "{2CE45F99-EBD6-4487-AB02-371C1ACE66D7}"
EndProject
Project("{2150E333-8FDC-42A3-9474-1A3956D46DE8}") = "6 - Cross", "6 - Cross", "{C064F31C-A8DC-4024-959E-4D0997EFF1CE}"
EndProject
Project("{2150E333-8FDC-42A3-9474-1A3956D46DE8}") = "7 - UnitTest", "7 - UnitTest", "{5247D9DC-BD75-4D8E-8A47-E4A16AE05DC0}"
EndProject
Project("{FAE04EC0-301F-11D3-BF4B-00C04F79EFBC}") = "Utils.IoC", "Utils.IoC\Utils.IoC.csproj", "{C1937B61-159F-4466-8620-A3AA8302A71C}"
EndProject
Project("{FAE04EC0-301F-11D3-BF4B-00C04F79EFBC}") = "UnitTest.Controllers.tests", "UnitTest.Controllers.test\UnitTest.Controllers.tests.csproj", "{EEE52ACB-D854-4E0A-9B50-1793984DC882}"
EndProject
Project("{FAE04EC0-301F-11D3-BF4B-00C04F79EFBC}") = "Data.Persistence.Core", "Data.Persistence.Core\Data.Persistence.Core.csproj", "{0A8F24F3-BB40-4B60-BCA7-553C5EC2E7B0}"
EndProject
Project("{FAE04EC0-301F-11D3-BF4B-00C04F79EFBC}") = "Data.Persistence.Init", "Data.Persistence.Init\Data.Persistence.Init.csproj", "{EA1FA5F7-B4C3-42B1-90C7-8645FC477AD4}"
EndProject
Project("{FAE04EC0-301F-11D3-BF4B-00C04F79EFBC}") = "Data.Persistence.Implementation", "Data.Persistence.Implementation\Data.Persistence.Implementation.csproj", "{B5F26603-DE76-4EE3-88FD-8192412FD631}"
EndProject
Project("{FAE04EC0-301F-11D3-BF4B-00C04F79EFBC}") = "Domain.Core", "Domain.Core\Domain.Core.csproj", "{92A07D55-06A5-4DA5-A947-FA79BCCB39DB}"
EndProject
Project("{FAE04EC0-301F-11D3-BF4B-00C04F79EFBC}") = "Domain.Implementation", "Domain.Implementation\Domain.Implementation.csproj", "{EF692983-8FA1-4744-909B-0AD1457A517C}"
EndProject
Project("{FAE04EC0-301F-11D3-BF4B-00C04F79EFBC}") = "Domain.Init", "Domain.Init\Domain.Init.csproj", "{B7CE67D5-D129-401B-A4A0-D73058CDA3D4}"
EndProject
Project("{FAE04EC0-301F-11D3-BF4B-00C04F79EFBC}") = "Applications.Contracts", "Applications.Contracts\Applications.Contracts.csproj", "{B539B275-D4FD-4232-A031-0120D9D85D52}"
EndProject
Project("{FAE04EC0-301F-11D3-BF4B-00C04F79EFBC}") = "Application.Core", "Application.Core\Application.Core.csproj", "{72FE29AB-86B4-4394-A2BA-62237319B845}"
EndProject
Project("{FAE04EC0-301F-11D3-BF4B-00C04F79EFBC}") = "Applications.Implementation", "Applications.Implementation\Applications.Implementation.csproj", "{C58680A9-CD67-43E6-9468-9DA644D0AE2A}"
EndProject
Project("{FAE04EC0-301F-11D3-BF4B-00C04F79EFBC}") = "Applications.Profiles", "Applications.Profiles\Applications.Profiles.csproj", "{5CE2A3F7-DAC0-4B08-A953-9FE5E5557BBA}"
EndProject
Global
	GlobalSection(SolutionConfigurationPlatforms) = preSolution
		Debug|Any CPU = Debug|Any CPU
		Release|Any CPU = Release|Any CPU
	EndGlobalSection
	GlobalSection(ProjectConfigurationPlatforms) = postSolution
		{3CEA2139-A1B9-48BC-8EEA-DE4727BB079E}.Debug|Any CPU.ActiveCfg = Debug|Any CPU
		{3CEA2139-A1B9-48BC-8EEA-DE4727BB079E}.Debug|Any CPU.Build.0 = Debug|Any CPU
		{3CEA2139-A1B9-48BC-8EEA-DE4727BB079E}.Release|Any CPU.ActiveCfg = Release|Any CPU
		{3CEA2139-A1B9-48BC-8EEA-DE4727BB079E}.Release|Any CPU.Build.0 = Release|Any CPU
		{5DD872AC-73A4-4C12-ADCE-5E66805D9EAE}.Debug|Any CPU.ActiveCfg = Debug|Any CPU
		{5DD872AC-73A4-4C12-ADCE-5E66805D9EAE}.Debug|Any CPU.Build.0 = Debug|Any CPU
		{5DD872AC-73A4-4C12-ADCE-5E66805D9EAE}.Release|Any CPU.ActiveCfg = Release|Any CPU
		{5DD872AC-73A4-4C12-ADCE-5E66805D9EAE}.Release|Any CPU.Build.0 = Release|Any CPU
		{8F9F1A50-847B-4D3A-A0A5-7087C6FDF886}.Debug|Any CPU.ActiveCfg = Debug|Any CPU
		{8F9F1A50-847B-4D3A-A0A5-7087C6FDF886}.Debug|Any CPU.Build.0 = Debug|Any CPU
		{8F9F1A50-847B-4D3A-A0A5-7087C6FDF886}.Release|Any CPU.ActiveCfg = Release|Any CPU
		{8F9F1A50-847B-4D3A-A0A5-7087C6FDF886}.Release|Any CPU.Build.0 = Release|Any CPU
		{F7A3150B-069C-4372-A155-0666FF5585E2}.Debug|Any CPU.ActiveCfg = Debug|Any CPU
		{F7A3150B-069C-4372-A155-0666FF5585E2}.Debug|Any CPU.Build.0 = Debug|Any CPU
		{F7A3150B-069C-4372-A155-0666FF5585E2}.Release|Any CPU.ActiveCfg = Release|Any CPU
		{F7A3150B-069C-4372-A155-0666FF5585E2}.Release|Any CPU.Build.0 = Release|Any CPU
		{C1937B61-159F-4466-8620-A3AA8302A71C}.Debug|Any CPU.ActiveCfg = Debug|Any CPU
		{C1937B61-159F-4466-8620-A3AA8302A71C}.Debug|Any CPU.Build.0 = Debug|Any CPU
		{C1937B61-159F-4466-8620-A3AA8302A71C}.Release|Any CPU.ActiveCfg = Release|Any CPU
		{C1937B61-159F-4466-8620-A3AA8302A71C}.Release|Any CPU.Build.0 = Release|Any CPU
		{EEE52ACB-D854-4E0A-9B50-1793984DC882}.Debug|Any CPU.ActiveCfg = Debug|Any CPU
		{EEE52ACB-D854-4E0A-9B50-1793984DC882}.Debug|Any CPU.Build.0 = Debug|Any CPU
		{EEE52ACB-D854-4E0A-9B50-1793984DC882}.Release|Any CPU.ActiveCfg = Release|Any CPU
		{EEE52ACB-D854-4E0A-9B50-1793984DC882}.Release|Any CPU.Build.0 = Release|Any CPU
		{0A8F24F3-BB40-4B60-BCA7-553C5EC2E7B0}.Debug|Any CPU.ActiveCfg = Debug|Any CPU
		{0A8F24F3-BB40-4B60-BCA7-553C5EC2E7B0}.Debug|Any CPU.Build.0 = Debug|Any CPU
		{0A8F24F3-BB40-4B60-BCA7-553C5EC2E7B0}.Release|Any CPU.ActiveCfg = Release|Any CPU
		{0A8F24F3-BB40-4B60-BCA7-553C5EC2E7B0}.Release|Any CPU.Build.0 = Release|Any CPU
		{EA1FA5F7-B4C3-42B1-90C7-8645FC477AD4}.Debug|Any CPU.ActiveCfg = Debug|Any CPU
		{EA1FA5F7-B4C3-42B1-90C7-8645FC477AD4}.Debug|Any CPU.Build.0 = Debug|Any CPU
		{EA1FA5F7-B4C3-42B1-90C7-8645FC477AD4}.Release|Any CPU.ActiveCfg = Release|Any CPU
		{EA1FA5F7-B4C3-42B1-90C7-8645FC477AD4}.Release|Any CPU.Build.0 = Release|Any CPU
		{B5F26603-DE76-4EE3-88FD-8192412FD631}.Debug|Any CPU.ActiveCfg = Debug|Any CPU
		{B5F26603-DE76-4EE3-88FD-8192412FD631}.Debug|Any CPU.Build.0 = Debug|Any CPU
		{B5F26603-DE76-4EE3-88FD-8192412FD631}.Release|Any CPU.ActiveCfg = Release|Any CPU
		{B5F26603-DE76-4EE3-88FD-8192412FD631}.Release|Any CPU.Build.0 = Release|Any CPU
		{92A07D55-06A5-4DA5-A947-FA79BCCB39DB}.Debug|Any CPU.ActiveCfg = Debug|Any CPU
		{92A07D55-06A5-4DA5-A947-FA79BCCB39DB}.Debug|Any CPU.Build.0 = Debug|Any CPU
		{92A07D55-06A5-4DA5-A947-FA79BCCB39DB}.Release|Any CPU.ActiveCfg = Release|Any CPU
		{92A07D55-06A5-4DA5-A947-FA79BCCB39DB}.Release|Any CPU.Build.0 = Release|Any CPU
		{EF692983-8FA1-4744-909B-0AD1457A517C}.Debug|Any CPU.ActiveCfg = Debug|Any CPU
		{EF692983-8FA1-4744-909B-0AD1457A517C}.Debug|Any CPU.Build.0 = Debug|Any CPU
		{EF692983-8FA1-4744-909B-0AD1457A517C}.Release|Any CPU.ActiveCfg = Release|Any CPU
		{EF692983-8FA1-4744-909B-0AD1457A517C}.Release|Any CPU.Build.0 = Release|Any CPU
		{B7CE67D5-D129-401B-A4A0-D73058CDA3D4}.Debug|Any CPU.ActiveCfg = Debug|Any CPU
		{B7CE67D5-D129-401B-A4A0-D73058CDA3D4}.Debug|Any CPU.Build.0 = Debug|Any CPU
		{B7CE67D5-D129-401B-A4A0-D73058CDA3D4}.Release|Any CPU.ActiveCfg = Release|Any CPU
		{B7CE67D5-D129-401B-A4A0-D73058CDA3D4}.Release|Any CPU.Build.0 = Release|Any CPU
		{B539B275-D4FD-4232-A031-0120D9D85D52}.Debug|Any CPU.ActiveCfg = Debug|Any CPU
		{B539B275-D4FD-4232-A031-0120D9D85D52}.Debug|Any CPU.Build.0 = Debug|Any CPU
		{B539B275-D4FD-4232-A031-0120D9D85D52}.Release|Any CPU.ActiveCfg = Release|Any CPU
		{B539B275-D4FD-4232-A031-0120D9D85D52}.Release|Any CPU.Build.0 = Release|Any CPU
		{72FE29AB-86B4-4394-A2BA-62237319B845}.Debug|Any CPU.ActiveCfg = Debug|Any CPU
		{72FE29AB-86B4-4394-A2BA-62237319B845}.Debug|Any CPU.Build.0 = Debug|Any CPU
		{72FE29AB-86B4-4394-A2BA-62237319B845}.Release|Any CPU.ActiveCfg = Release|Any CPU
		{72FE29AB-86B4-4394-A2BA-62237319B845}.Release|Any CPU.Build.0 = Release|Any CPU
		{C58680A9-CD67-43E6-9468-9DA644D0AE2A}.Debug|Any CPU.ActiveCfg = Debug|Any CPU
		{C58680A9-CD67-43E6-9468-9DA644D0AE2A}.Debug|Any CPU.Build.0 = Debug|Any CPU
		{C58680A9-CD67-43E6-9468-9DA644D0AE2A}.Release|Any CPU.ActiveCfg = Release|Any CPU
		{C58680A9-CD67-43E6-9468-9DA644D0AE2A}.Release|Any CPU.Build.0 = Release|Any CPU
		{5CE2A3F7-DAC0-4B08-A953-9FE5E5557BBA}.Debug|Any CPU.ActiveCfg = Debug|Any CPU
		{5CE2A3F7-DAC0-4B08-A953-9FE5E5557BBA}.Debug|Any CPU.Build.0 = Debug|Any CPU
		{5CE2A3F7-DAC0-4B08-A953-9FE5E5557BBA}.Release|Any CPU.ActiveCfg = Release|Any CPU
		{5CE2A3F7-DAC0-4B08-A953-9FE5E5557BBA}.Release|Any CPU.Build.0 = Release|Any CPU
	EndGlobalSection
	GlobalSection(SolutionProperties) = preSolution
		HideSolutionNode = FALSE
	EndGlobalSection
	GlobalSection(NestedProjects) = preSolution
		{3CEA2139-A1B9-48BC-8EEA-DE4727BB079E} = {8C3D9570-BA52-41B9-8A61-9496C484D9F9}
		{5DD872AC-73A4-4C12-ADCE-5E66805D9EAE} = {3F50E384-9DF9-4393-9338-8E4B87168F8E}
		{C1937B61-159F-4466-8620-A3AA8302A71C} = {C064F31C-A8DC-4024-959E-4D0997EFF1CE}
		{EEE52ACB-D854-4E0A-9B50-1793984DC882} = {5247D9DC-BD75-4D8E-8A47-E4A16AE05DC0}
		{0A8F24F3-BB40-4B60-BCA7-553C5EC2E7B0} = {2CE45F99-EBD6-4487-AB02-371C1ACE66D7}
		{EA1FA5F7-B4C3-42B1-90C7-8645FC477AD4} = {2CE45F99-EBD6-4487-AB02-371C1ACE66D7}
		{B5F26603-DE76-4EE3-88FD-8192412FD631} = {2CE45F99-EBD6-4487-AB02-371C1ACE66D7}
		{92A07D55-06A5-4DA5-A947-FA79BCCB39DB} = {13AC7D42-3A1E-4536-81BC-8018AD2B3B8C}
		{EF692983-8FA1-4744-909B-0AD1457A517C} = {13AC7D42-3A1E-4536-81BC-8018AD2B3B8C}
		{B7CE67D5-D129-401B-A4A0-D73058CDA3D4} = {13AC7D42-3A1E-4536-81BC-8018AD2B3B8C}
		{B539B275-D4FD-4232-A031-0120D9D85D52} = {AC76D919-3A9D-49F6-B24A-1F3FE7D7C7AD}
		{72FE29AB-86B4-4394-A2BA-62237319B845} = {AC76D919-3A9D-49F6-B24A-1F3FE7D7C7AD}
		{C58680A9-CD67-43E6-9468-9DA644D0AE2A} = {AC76D919-3A9D-49F6-B24A-1F3FE7D7C7AD}
		{5CE2A3F7-DAC0-4B08-A953-9FE5E5557BBA} = {AC76D919-3A9D-49F6-B24A-1F3FE7D7C7AD}
	EndGlobalSection
	GlobalSection(ExtensibilityGlobals) = postSolution
		SolutionGuid = {4D28AF97-5A76-4B51-BB2B-2701DE830730}
	EndGlobalSection
EndGlobal
